// !$*UTF8*$!
{
	archiveVersion = 1;
	classes = {
	};
	objectVersion = 46;
	objects = {

/* Begin PBXBuildFile section */
		12C6B1E51BFF27BB004E00C5 /* main.m in Sources */ = {isa = PBXBuildFile; fileRef = 12C6B1E41BFF27BB004E00C5 /* main.m */; };
		12C6B1E81BFF27BB004E00C5 /* AppDelegate.m in Sources */ = {isa = PBXBuildFile; fileRef = 12C6B1E71BFF27BB004E00C5 /* AppDelegate.m */; };
		12C6B1EB1BFF27BB004E00C5 /* TDwnLMainController.m in Sources */ = {isa = PBXBuildFile; fileRef = 12C6B1EA1BFF27BB004E00C5 /* TDwnLMainController.m */; };
		12C6B1EE1BFF27BB004E00C5 /* Main.storyboard in Resources */ = {isa = PBXBuildFile; fileRef = 12C6B1EC1BFF27BB004E00C5 /* Main.storyboard */; };
		12C6B1F01BFF27BB004E00C5 /* Assets.xcassets in Resources */ = {isa = PBXBuildFile; fileRef = 12C6B1EF1BFF27BB004E00C5 /* Assets.xcassets */; };
		12C6B1F31BFF27BB004E00C5 /* LaunchScreen.storyboard in Resources */ = {isa = PBXBuildFile; fileRef = 12C6B1F11BFF27BB004E00C5 /* LaunchScreen.storyboard */; };
		12C6B1FC1BFF3150004E00C5 /* TDwnLDownloader.m in Sources */ = {isa = PBXBuildFile; fileRef = 12C6B1FB1BFF3150004E00C5 /* TDwnLDownloader.m */; };
/* End PBXBuildFile section */

/* Begin PBXFileReference section */
		12C6B1E01BFF27BB004E00C5 /* TestDownloader.app */ = {isa = PBXFileReference; explicitFileType = wrapper.application; includeInIndex = 0; path = TestDownloader.app; sourceTree = BUILT_PRODUCTS_DIR; };
		12C6B1E41BFF27BB004E00C5 /* main.m */ = {isa = PBXFileReference; lastKnownFileType = sourcecode.c.objc; path = main.m; sourceTree = "<group>"; };
		12C6B1E61BFF27BB004E00C5 /* AppDelegate.h */ = {isa = PBXFileReference; lastKnownFileType = sourcecode.c.h; path = AppDelegate.h; sourceTree = "<group>"; };
		12C6B1E71BFF27BB004E00C5 /* AppDelegate.m */ = {isa = PBXFileReference; lastKnownFileType = sourcecode.c.objc; path = AppDelegate.m; sourceTree = "<group>"; };
		12C6B1E91BFF27BB004E00C5 /* TDwnLMainController.h */ = {isa = PBXFileReference; lastKnownFileType = sourcecode.c.h; path = TDwnLMainController.h; sourceTree = "<group>"; };
		12C6B1EA1BFF27BB004E00C5 /* TDwnLMainController.m */ = {isa = PBXFileReference; lastKnownFileType = sourcecode.c.objc; path = TDwnLMainController.m; sourceTree = "<group>"; };
		12C6B1ED1BFF27BB004E00C5 /* Base */ = {isa = PBXFileReference; lastKnownFileType = file.storyboard; name = Base; path = Base.lproj/Main.storyboard; sourceTree = "<group>"; };
		12C6B1EF1BFF27BB004E00C5 /* Assets.xcassets */ = {isa = PBXFileReference; lastKnownFileType = folder.assetcatalog; path = Assets.xcassets; sourceTree = "<group>"; };
		12C6B1F21BFF27BB004E00C5 /* Base */ = {isa = PBXFileReference; lastKnownFileType = file.storyboard; name = Base; path = Base.lproj/LaunchScreen.storyboard; sourceTree = "<group>"; };
		12C6B1F41BFF27BB004E00C5 /* Info.plist */ = {isa = PBXFileReference; lastKnownFileType = text.plist.xml; path = Info.plist; sourceTree = "<group>"; };
		12C6B1FA1BFF3150004E00C5 /* TDwnLDownloader.h */ = {isa = PBXFileReference; fileEncoding = 4; lastKnownFileType = sourcecode.c.h; path = TDwnLDownloader.h; sourceTree = "<group>"; };
		12C6B1FB1BFF3150004E00C5 /* TDwnLDownloader.m */ = {isa = PBXFileReference; fileEncoding = 4; lastKnownFileType = sourcecode.c.objc; path = TDwnLDownloader.m; sourceTree = "<group>"; };
/* End PBXFileReference section */

/* Begin PBXFrameworksBuildPhase section */
		12C6B1DD1BFF27BA004E00C5 /* Frameworks */ = {
			isa = PBXFrameworksBuildPhase;
			buildActionMask = 2147483647;
			files = (
			);
			runOnlyForDeploymentPostprocessing = 0;
		};
/* End PBXFrameworksBuildPhase section */

/* Begin PBXGroup section */
		12C6B1D71BFF27BA004E00C5 = {
			isa = PBXGroup;
			children = (
				12C6B1E21BFF27BB004E00C5 /* TestDownloader */,
				12C6B1E11BFF27BB004E00C5 /* Products */,
			);
			sourceTree = "<group>";
		};
		12C6B1E11BFF27BB004E00C5 /* Products */ = {
			isa = PBXGroup;
			children = (
				12C6B1E01BFF27BB004E00C5 /* TestDownloader.app */,
			);
			name = Products;
			sourceTree = "<group>";
		};
		12C6B1E21BFF27BB004E00C5 /* TestDownloader */ = {
			isa = PBXGroup;
			children = (
				12C6B1E61BFF27BB004E00C5 /* AppDelegate.h */,
				12C6B1E71BFF27BB004E00C5 /* AppDelegate.m */,
				12C6B1E91BFF27BB004E00C5 /* TDwnLMainController.h */,
				12C6B1EA1BFF27BB004E00C5 /* TDwnLMainController.m */,
				12C6B1EC1BFF27BB004E00C5 /* Main.storyboard */,
				12C6B1EF1BFF27BB004E00C5 /* Assets.xcassets */,
				12C6B1F11BFF27BB004E00C5 /* LaunchScreen.storyboard */,
				12C6B1F41BFF27BB004E00C5 /* Info.plist */,
				12C6B1E31BFF27BB004E00C5 /* Supporting Files */,
				12C6B1FA1BFF3150004E00C5 /* TDwnLDownloader.h */,
				12C6B1FB1BFF3150004E00C5 /* TDwnLDownloader.m */,
			);
			path = TestDownloader;
			sourceTree = "<group>";
		};
		12C6B1E31BFF27BB004E00C5 /* Supporting Files */ = {
			isa = PBXGroup;
			children = (
				12C6B1E41BFF27BB004E00C5 /* main.m */,
			);
			name = "Supporting Files";
			sourceTree = "<group>";
		};
/* End PBXGroup section */

/* Begin PBXNativeTarget section */
		12C6B1DF1BFF27BA004E00C5 /* TestDownloader */ = {
			isa = PBXNativeTarget;
			buildConfigurationList = 12C6B1F71BFF27BB004E00C5 /* Build configuration list for PBXNativeTarget "TestDownloader" */;
			buildPhases = (
				12C6B1DC1BFF27BA004E00C5 /* Sources */,
				12C6B1DD1BFF27BA004E00C5 /* Frameworks */,
				12C6B1DE1BFF27BA004E00C5 /* Resources */,
			);
			buildRules = (
			);
			dependencies = (
			);
			name = TestDownloader;
			productName = TestDownloader;
			productReference = 12C6B1E01BFF27BB004E00C5 /* TestDownloader.app */;
			productType = "com.apple.product-type.application";
		};
/* End PBXNativeTarget section */

/* Begin PBXProject section */
		12C6B1D81BFF27BA004E00C5 /* Project object */ = {
			isa = PBXProject;
			attributes = {
				CLASSPREFIX = TDwnL;
				LastUpgradeCheck = 0710;
				ORGANIZATIONNAME = "Andrey Karaban";
				TargetAttributes = {
					12C6B1DF1BFF27BA004E00C5 = {
						CreatedOnToolsVersion = 7.1;
						SystemCapabilities = {
							com.apple.BackgroundModes = {
								enabled = 1;
							};
						};
					};
				};
			};
			buildConfigurationList = 12C6B1DB1BFF27BA004E00C5 /* Build configuration list for PBXProject "TestDownloader" */;
			compatibilityVersion = "Xcode 3.2";
			developmentRegion = English;
			hasScannedForEncodings = 0;
			knownRegions = (
				en,
				Base,
			);
			mainGroup = 12C6B1D71BFF27BA004E00C5;
			productRefGroup = 12C6B1E11BFF27BB004E00C5 /* Products */;
			projectDirPath = "";
			projectRoot = "";
			targets = (
				12C6B1DF1BFF27BA004E00C5 /* TestDownloader */,
			);
		};
/* End PBXProject section */

/* Begin PBXResourcesBuildPhase section */
		12C6B1DE1BFF27BA004E00C5 /* Resources */ = {
			isa = PBXResourcesBuildPhase;
			buildActionMask = 2147483647;
			files = (
				12C6B1F31BFF27BB004E00C5 /* LaunchScreen.storyboard in Resources */,
				12C6B1F01BFF27BB004E00C5 /* Assets.xcassets in Resources */,
				12C6B1EE1BFF27BB004E00C5 /* Main.storyboard in Resources */,
			);
			runOnlyForDeploymentPostprocessing = 0;
		};
/* End PBXResourcesBuildPhase section */

/* Begin PBXSourcesBuildPhase section */
		12C6B1DC1BFF27BA004E00C5 /* Sources */ = {
			isa = PBXSourcesBuildPhase;
			buildActionMask = 2147483647;
			files = (
				12C6B1FC1BFF3150004E00C5 /* TDwnLDownloader.m in Sources */,
				12C6B1EB1BFF27BB004E00C5 /* TDwnLMainController.m in Sources */,
				12C6B1E81BFF27BB004E00C5 /* AppDelegate.m in Sources */,
				12C6B1E51BFF27BB004E00C5 /* main.m in Sources */,
			);
			runOnlyForDeploymentPostprocessing = 0;
		};
/* End PBXSourcesBuildPhase section */

/* Begin PBXVariantGroup section */
		12C6B1EC1BFF27BB004E00C5 /* Main.storyboard */ = {
			isa = PBXVariantGroup;
			children = (
				12C6B1ED1BFF27BB004E00C5 /* Base */,
			);
			name = Main.storyboard;
			sourceTree = "<group>";
		};
		12C6B1F11BFF27BB004E00C5 /* LaunchScreen.storyboard */ = {
			isa = PBXVariantGroup;
			children = (
				12C6B1F21BFF27BB004E00C5 /* Base */,
			);
			name = LaunchScreen.storyboard;
			sourceTree = "<group>";
		};
/* End PBXVariantGroup section */

/* Begin XCBuildConfiguration section */
		12C6B1F51BFF27BB004E00C5 /* Debug */ = {
			isa = XCBuildConfiguration;
			buildSettings = {
				ALWAYS_SEARCH_USER_PATHS = NO;
				CLANG_CXX_LANGUAGE_STANDARD = "gnu++0x";
				CLANG_CXX_LIBRARY = "libc++";
				CLANG_ENABLE_MODULES = YES;
				CLANG_ENABLE_OBJC_ARC = YES;
				CLANG_WARN_BOOL_CONVERSION = YES;
				CLANG_WARN_CONSTANT_CONVERSION = YES;
				CLANG_WARN_DIRECT_OBJC_ISA_USAGE = YES_ERROR;
				CLANG_WARN_EMPTY_BODY = YES;
				CLANG_WARN_ENUM_CONVERSION = YES;
				CLANG_WARN_INT_CONVERSION = YES;
				CLANG_WARN_OBJC_ROOT_CLASS = YES_ERROR;
				CLANG_WARN_UNREACHABLE_CODE = YES;
				CLANG_WARN__DUPLICATE_METHOD_MATCH = YES;
				"CODE_SIGN_IDENTITY[sdk=iphoneos*]" = "iPhone Developer";
				COPY_PHASE_STRIP = NO;
				DEBUG_INFORMATION_FORMAT = dwarf;
				ENABLE_STRICT_OBJC_MSGSEND = YES;
				ENABLE_TESTABILITY = YES;
				GCC_C_LANGUAGE_STANDARD = gnu99;
				GCC_DYNAMIC_NO_PIC = NO;
				GCC_NO_COMMON_BLOCKS = YES;
				GCC_OPTIMIZATION_LEVEL = 0;
				GCC_PREPROCESSOR_DEFINITIONS = (
					"DEBUG=1",
					"$(inherited)",
				);
				GCC_WARN_64_TO_32_BIT_CONVERSION = YES;
				GCC_WARN_ABOUT_RETURN_TYPE = YES_ERROR;
				GCC_WARN_UNDECLARED_SELECTOR = YES;
				GCC_WARN_UNINITIALIZED_AUTOS = YES_AGGRESSIVE;
				GCC_WARN_UNUSED_FUNCTION = YES;
				GCC_WARN_UNUSED_VARIABLE = YES;
				IPHONEOS_DEPLOYMENT_TARGET = 7.0;
				MTL_ENABLE_DEBUG_INFO = YES;
				ONLY_ACTIVE_ARCH = YES;
				SDKROOT = iphoneos;
			};
			name = Debug;
		};
		12C6B1F61BFF27BB004E00C5 /* Release */ = {
			isa = XCBuildConfiguration;
			buildSettings = {
				ALWAYS_SEARCH_USER_PATHS = NO;
				CLANG_CXX_LANGUAGE_STANDARD = "gnu++0x";
				CLANG_CXX_LIBRARY = "libc++";
				CLANG_ENABLE_MODULES = YES;
				CLANG_ENABLE_OBJC_ARC = YES;
				CLANG_WARN_BOOL_CONVERSION = YES;
				CLANG_WARN_CONSTANT_CONVERSION = YES;
				CLANG_WARN_DIRECT_OBJC_ISA_USAGE = YES_ERROR;
				CLANG_WARN_EMPTY_BODY = YES;
				CLANG_WARN_ENUM_CONVERSION = YES;
				CLANG_WARN_INT_CONVERSION = YES;
				CLANG_WARN_OBJC_ROOT_CLASS = YES_ERROR;
				CLANG_WARN_UNREACHABLE_CODE = YES;
				CLANG_WARN__DUPLICATE_METHOD_MATCH = YES;
				"CODE_SIGN_IDENTITY[sdk=iphoneos*]" = "iPhone Developer";
				COPY_PHASE_STRIP = NO;
				DEBUG_INFORMATION_FORMAT = "dwarf-with-dsym";
				ENABLE_NS_ASSERTIONS = NO;
				ENABLE_STRICT_OBJC_MSGSEND = YES;
				GCC_C_LANGUAGE_STANDARD = gnu99;
				GCC_NO_COMMON_BLOCKS = YES;
				GCC_WARN_64_TO_32_BIT_CONVERSION = YES;
				GCC_WARN_ABOUT_RETURN_TYPE = YES_ERROR;
				GCC_WARN_UNDECLARED_SELECTOR = YES;
				GCC_WARN_UNINITIALIZED_AUTOS = YES_AGGRESSIVE;
				GCC_WARN_UNUSED_FUNCTION = YES;
				GCC_WARN_UNUSED_VARIABLE = YES;
				IPHONEOS_DEPLOYMENT_TARGET = 7.0;
				MTL_ENABLE_DEBUG_INFO = NO;
				SDKROOT = iphoneos;
				VALIDATE_PRODUCT = YES;
			};
			name = Release;
		};
		12C6B1F81BFF27BB004E00C5 /* Debug */ = {
			isa = XCBuildConfiguration;
			buildSettings = {
				ASSETCATALOG_COMPILER_APPICON_NAME = AppIcon;
				INFOPLIST_FILE = TestDownloader/Info.plist;
				IPHONEOS_DEPLOYMENT_TARGET = 7.0;
				LD_RUNPATH_SEARCH_PATHS = "$(inherited) @executable_path/Frameworks";
				PRODUCT_BUNDLE_IDENTIFIER = com.AnkariOS.TestDownloader;
				PRODUCT_NAME = "$(TARGET_NAME)";
			};
			name = Debug;
		};
		12C6B1F91BFF27BB004E00C5 /* Release */ = {
			isa = XCBuildConfiguration;
			buildSettings = {
				ASSETCATALOG_COMPILER_APPICON_NAME = AppIcon;
				INFOPLIST_FILE = TestDownloader/Info.plist;
				IPHONEOS_DEPLOYMENT_TARGET = 7.0;
				LD_RUNPATH_SEARCH_PATHS = "$(inherited) @executable_path/Frameworks";
				PRODUCT_BUNDLE_IDENTIFIER = com.AnkariOS.TestDownloader;
				PRODUCT_NAME = "$(TARGET_NAME)";
			};
			name = Release;
		};
/* End XCBuildConfiguration section */

/* Begin XCConfigurationList section */
		12C6B1DB1BFF27BA004E00C5 /* Build configuration list for PBXProject "TestDownloader" */ = {
			isa = XCConfigurationList;
			buildConfigurations = (
				12C6B1F51BFF27BB004E00C5 /* Debug */,
				12C6B1F61BFF27BB004E00C5 /* Release */,
			);
			defaultConfigurationIsVisible = 0;
			defaultConfigurationName = Release;
		};
		12C6B1F71BFF27BB004E00C5 /* Build configuration list for PBXNativeTarget "TestDownloader" */ = {
			isa = XCConfigurationList;
			buildConfigurations = (
				12C6B1F81BFF27BB004E00C5 /* Debug */,
				12C6B1F91BFF27BB004E00C5 /* Release */,
			);
			defaultConfigurationIsVisible = 0;
		};
/* End XCConfigurationList section */
	};
	rootObject = 12C6B1D81BFF27BA004E00C5 /* Project object */;
}
